// !$*UTF8*$!
{
	archiveVersion = 1;
	classes = {
	};
	objectVersion = 46;
	objects = {

/* Begin PBXBuildFile section */
		A80C2BFE1FD6AFB800B8941C /* Next Section button.jpg in Resources */ = {isa = PBXBuildFile; fileRef = A80C2BFD1FD6AFB800B8941C /* Next Section button.jpg */; };
		A85512781FD58AF000C3DC7E /* gyroscopeDataModel.m in Sources */ = {isa = PBXBuildFile; fileRef = A85512771FD58AF000C3DC7E /* gyroscopeDataModel.m */; };
		A855127A1FD58BBC00C3DC7E /* CoreMotion.framework in Frameworks */ = {isa = PBXBuildFile; fileRef = A85512791FD58BBC00C3DC7E /* CoreMotion.framework */; };
		A855127E1FD59B8700C3DC7E /* bars 0degrees.jpg in Resources */ = {isa = PBXBuildFile; fileRef = A855127D1FD59B8700C3DC7E /* bars 0degrees.jpg */; };
		A85512801FD5A66400C3DC7E /* bars 15degrees.jpg in Resources */ = {isa = PBXBuildFile; fileRef = A855127F1FD5A66400C3DC7E /* bars 15degrees.jpg */; };
		A85512821FD5A66900C3DC7E /* bars 30Degrees.jpg in Resources */ = {isa = PBXBuildFile; fileRef = A85512811FD5A66900C3DC7E /* bars 30Degrees.jpg */; };
		A85512841FD5A66C00C3DC7E /* bars 45Degrees.jpg in Resources */ = {isa = PBXBuildFile; fileRef = A85512831FD5A66C00C3DC7E /* bars 45Degrees.jpg */; };
		A85512861FD5A67400C3DC7E /* bars 60Degrees.jpg in Resources */ = {isa = PBXBuildFile; fileRef = A85512851FD5A67400C3DC7E /* bars 60Degrees.jpg */; };
		A85512881FD5A67C00C3DC7E /* bars 75Degrees.jpg in Resources */ = {isa = PBXBuildFile; fileRef = A85512871FD5A67C00C3DC7E /* bars 75Degrees.jpg */; };
		A855128A1FD5A68800C3DC7E /* bars -15Degrees.jpg in Resources */ = {isa = PBXBuildFile; fileRef = A85512891FD5A68800C3DC7E /* bars -15Degrees.jpg */; };
		A855128C1FD5A69100C3DC7E /* bars -30Degrees.jpg in Resources */ = {isa = PBXBuildFile; fileRef = A855128B1FD5A69100C3DC7E /* bars -30Degrees.jpg */; };
		A855128E1FD5A69400C3DC7E /* bars -45Degrees.jpg in Resources */ = {isa = PBXBuildFile; fileRef = A855128D1FD5A69400C3DC7E /* bars -45Degrees.jpg */; };
		A85512901FD5A69800C3DC7E /* bars -60Degrees.jpg in Resources */ = {isa = PBXBuildFile; fileRef = A855128F1FD5A69800C3DC7E /* bars -60Degrees.jpg */; };
		A85512921FD5A69B00C3DC7E /* bars -75Degrees.jpg in Resources */ = {isa = PBXBuildFile; fileRef = A85512911FD5A69B00C3DC7E /* bars -75Degrees.jpg */; };
		A85512941FD5A95F00C3DC7E /* bars 90 degrees.jpg in Resources */ = {isa = PBXBuildFile; fileRef = A85512931FD5A95F00C3DC7E /* bars 90 degrees.jpg */; };
		A85B09251FC6F3F800D60147 /* right-speaker-with-three-sound-waves.png in Resources */ = {isa = PBXBuildFile; fileRef = A85B09241FC6F3F800D60147 /* right-speaker-with-three-sound-waves.png */; };
		A85B09281FC6F76400D60147 /* LevellingViewController.m in Sources */ = {isa = PBXBuildFile; fileRef = A85B09271FC6F76400D60147 /* LevellingViewController.m */; };
		A8768F531FC4863C00F55F6E /* QuestionTableViewController.m in Sources */ = {isa = PBXBuildFile; fileRef = A8768F521FC4863C00F55F6E /* QuestionTableViewController.m */; };
		A880A0721FD5C18A004140EF /* line0.jpg in Resources */ = {isa = PBXBuildFile; fileRef = A880A0711FD5C18A004140EF /* line0.jpg */; };
		A880A0741FD5C18E004140EF /* line15.jpg in Resources */ = {isa = PBXBuildFile; fileRef = A880A0731FD5C18E004140EF /* line15.jpg */; };
		A880A0761FD5C192004140EF /* line30.jpg in Resources */ = {isa = PBXBuildFile; fileRef = A880A0751FD5C192004140EF /* line30.jpg */; };
		A880A0781FD5C195004140EF /* line45.jpg in Resources */ = {isa = PBXBuildFile; fileRef = A880A0771FD5C195004140EF /* line45.jpg */; };
		A880A07A1FD5C198004140EF /* line60.jpg in Resources */ = {isa = PBXBuildFile; fileRef = A880A0791FD5C198004140EF /* line60.jpg */; };
		A880A07C1FD5C19B004140EF /* line75.jpg in Resources */ = {isa = PBXBuildFile; fileRef = A880A07B1FD5C19B004140EF /* line75.jpg */; };
		A880A07E1FD5C28D004140EF /* line90.jpg in Resources */ = {isa = PBXBuildFile; fileRef = A880A07D1FD5C28D004140EF /* line90.jpg */; };
		A880A0841FD5C296004140EF /* lineNeg15.jpg in Resources */ = {isa = PBXBuildFile; fileRef = A880A07F1FD5C296004140EF /* lineNeg15.jpg */; };
		A880A0851FD5C296004140EF /* lineNeg30.jpg in Resources */ = {isa = PBXBuildFile; fileRef = A880A0801FD5C296004140EF /* lineNeg30.jpg */; };
		A880A0861FD5C296004140EF /* lineNeg45.jpg in Resources */ = {isa = PBXBuildFile; fileRef = A880A0811FD5C296004140EF /* lineNeg45.jpg */; };
		A880A0871FD5C296004140EF /* lineNeg60.jpg in Resources */ = {isa = PBXBuildFile; fileRef = A880A0821FD5C296004140EF /* lineNeg60.jpg */; };
		A880A0881FD5C296004140EF /* lineNeg75.jpg in Resources */ = {isa = PBXBuildFile; fileRef = A880A0831FD5C296004140EF /* lineNeg75.jpg */; };
		A8820BC11FC84F7A000DD5B5 /* draw_view.m in Sources */ = {isa = PBXBuildFile; fileRef = A8820BC01FC84F7A000DD5B5 /* draw_view.m */; };
		A8820BC41FC84FBE000DD5B5 /* BreathingViewController.m in Sources */ = {isa = PBXBuildFile; fileRef = A8820BC31FC84FBE000DD5B5 /* BreathingViewController.m */; };
		A8820BC71FC87861000DD5B5 /* SpriteKit.framework in Frameworks */ = {isa = PBXBuildFile; fileRef = A8820BC61FC87861000DD5B5 /* SpriteKit.framework */; };
		A8B463161FD178380034F646 /* Circle.png in Resources */ = {isa = PBXBuildFile; fileRef = A8B463151FD178380034F646 /* Circle.png */; };
		A8D1C06C1FC435A3004379E0 /* main.m in Sources */ = {isa = PBXBuildFile; fileRef = A8D1C06B1FC435A3004379E0 /* main.m */; };
		A8D1C06F1FC435A3004379E0 /* AppDelegate.m in Sources */ = {isa = PBXBuildFile; fileRef = A8D1C06E1FC435A3004379E0 /* AppDelegate.m */; };
		A8D1C0721FC435A3004379E0 /* HomeViewController.m in Sources */ = {isa = PBXBuildFile; fileRef = A8D1C0711FC435A3004379E0 /* HomeViewController.m */; };
		A8D1C0751FC435A3004379E0 /* QuestionViewController.m in Sources */ = {isa = PBXBuildFile; fileRef = A8D1C0741FC435A3004379E0 /* QuestionViewController.m */; };
		A8D1C0781FC435A3004379E0 /* Main.storyboard in Resources */ = {isa = PBXBuildFile; fileRef = A8D1C0761FC435A3004379E0 /* Main.storyboard */; };
		A8D1C07A1FC435A3004379E0 /* Assets.xcassets in Resources */ = {isa = PBXBuildFile; fileRef = A8D1C0791FC435A3004379E0 /* Assets.xcassets */; };
		A8D1C07D1FC435A3004379E0 /* LaunchScreen.storyboard in Resources */ = {isa = PBXBuildFile; fileRef = A8D1C07B1FC435A3004379E0 /* LaunchScreen.storyboard */; };
		A8D1C0881FC435A3004379E0 /* Grounding_project_el16cgTests.m in Sources */ = {isa = PBXBuildFile; fileRef = A8D1C0871FC435A3004379E0 /* Grounding_project_el16cgTests.m */; };
		A8D1C0931FC435A3004379E0 /* Grounding_project_el16cgUITests.m in Sources */ = {isa = PBXBuildFile; fileRef = A8D1C0921FC435A3004379E0 /* Grounding_project_el16cgUITests.m */; };
		A8D1C0A11FC447B1004379E0 /* Button.jpeg in Resources */ = {isa = PBXBuildFile; fileRef = A8D1C0A01FC447B1004379E0 /* Button.jpeg */; };
/* End PBXBuildFile section */

/* Begin PBXContainerItemProxy section */
		A8D1C0841FC435A3004379E0 /* PBXContainerItemProxy */ = {
			isa = PBXContainerItemProxy;
			containerPortal = A8D1C05F1FC435A3004379E0 /* Project object */;
			proxyType = 1;
			remoteGlobalIDString = A8D1C0661FC435A3004379E0;
			remoteInfo = "Grounding_project el16cg";
		};
		A8D1C08F1FC435A3004379E0 /* PBXContainerItemProxy */ = {
			isa = PBXContainerItemProxy;
			containerPortal = A8D1C05F1FC435A3004379E0 /* Project object */;
			proxyType = 1;
			remoteGlobalIDString = A8D1C0661FC435A3004379E0;
			remoteInfo = "Grounding_project el16cg";
		};
/* End PBXContainerItemProxy section */

/* Begin PBXFileReference section */
		A80C2BFD1FD6AFB800B8941C /* Next Section button.jpg */ = {isa = PBXFileReference; lastKnownFileType = image.jpeg; path = "Next Section button.jpg"; sourceTree = "<group>"; };
		A85512761FD58AF000C3DC7E /* gyroscopeDataModel.h */ = {isa = PBXFileReference; fileEncoding = 4; lastKnownFileType = sourcecode.c.h; path = gyroscopeDataModel.h; sourceTree = "<group>"; };
		A85512771FD58AF000C3DC7E /* gyroscopeDataModel.m */ = {isa = PBXFileReference; fileEncoding = 4; lastKnownFileType = sourcecode.c.objc; path = gyroscopeDataModel.m; sourceTree = "<group>"; };
		A85512791FD58BBC00C3DC7E /* CoreMotion.framework */ = {isa = PBXFileReference; lastKnownFileType = wrapper.framework; name = CoreMotion.framework; path = System/Library/Frameworks/CoreMotion.framework; sourceTree = SDKROOT; };
		A855127D1FD59B8700C3DC7E /* bars 0degrees.jpg */ = {isa = PBXFileReference; lastKnownFileType = image.jpeg; path = "bars 0degrees.jpg"; sourceTree = "<group>"; };
		A855127F1FD5A66400C3DC7E /* bars 15degrees.jpg */ = {isa = PBXFileReference; lastKnownFileType = image.jpeg; path = "bars 15degrees.jpg"; sourceTree = "<group>"; };
		A85512811FD5A66900C3DC7E /* bars 30Degrees.jpg */ = {isa = PBXFileReference; lastKnownFileType = image.jpeg; path = "bars 30Degrees.jpg"; sourceTree = "<group>"; };
		A85512831FD5A66C00C3DC7E /* bars 45Degrees.jpg */ = {isa = PBXFileReference; lastKnownFileType = image.jpeg; path = "bars 45Degrees.jpg"; sourceTree = "<group>"; };
		A85512851FD5A67400C3DC7E /* bars 60Degrees.jpg */ = {isa = PBXFileReference; lastKnownFileType = image.jpeg; path = "bars 60Degrees.jpg"; sourceTree = "<group>"; };
		A85512871FD5A67C00C3DC7E /* bars 75Degrees.jpg */ = {isa = PBXFileReference; lastKnownFileType = image.jpeg; path = "bars 75Degrees.jpg"; sourceTree = "<group>"; };
		A85512891FD5A68800C3DC7E /* bars -15Degrees.jpg */ = {isa = PBXFileReference; lastKnownFileType = image.jpeg; path = "bars -15Degrees.jpg"; sourceTree = "<group>"; };
		A855128B1FD5A69100C3DC7E /* bars -30Degrees.jpg */ = {isa = PBXFileReference; lastKnownFileType = image.jpeg; path = "bars -30Degrees.jpg"; sourceTree = "<group>"; };
		A855128D1FD5A69400C3DC7E /* bars -45Degrees.jpg */ = {isa = PBXFileReference; lastKnownFileType = image.jpeg; path = "bars -45Degrees.jpg"; sourceTree = "<group>"; };
		A855128F1FD5A69800C3DC7E /* bars -60Degrees.jpg */ = {isa = PBXFileReference; lastKnownFileType = image.jpeg; path = "bars -60Degrees.jpg"; sourceTree = "<group>"; };
		A85512911FD5A69B00C3DC7E /* bars -75Degrees.jpg */ = {isa = PBXFileReference; lastKnownFileType = image.jpeg; path = "bars -75Degrees.jpg"; sourceTree = "<group>"; };
		A85512931FD5A95F00C3DC7E /* bars 90 degrees.jpg */ = {isa = PBXFileReference; lastKnownFileType = image.jpeg; path = "bars 90 degrees.jpg"; sourceTree = "<group>"; };
		A85B09241FC6F3F800D60147 /* right-speaker-with-three-sound-waves.png */ = {isa = PBXFileReference; lastKnownFileType = image.png; path = "right-speaker-with-three-sound-waves.png"; sourceTree = "<group>"; };
		A85B09261FC6F76400D60147 /* LevellingViewController.h */ = {isa = PBXFileReference; fileEncoding = 4; lastKnownFileType = sourcecode.c.h; path = LevellingViewController.h; sourceTree = "<group>"; };
		A85B09271FC6F76400D60147 /* LevellingViewController.m */ = {isa = PBXFileReference; fileEncoding = 4; lastKnownFileType = sourcecode.c.objc; path = LevellingViewController.m; sourceTree = "<group>"; };
		A8768F511FC4863C00F55F6E /* QuestionTableViewController.h */ = {isa = PBXFileReference; fileEncoding = 4; lastKnownFileType = sourcecode.c.h; path = QuestionTableViewController.h; sourceTree = "<group>"; };
		A8768F521FC4863C00F55F6E /* QuestionTableViewController.m */ = {isa = PBXFileReference; fileEncoding = 4; lastKnownFileType = sourcecode.c.objc; path = QuestionTableViewController.m; sourceTree = "<group>"; };
		A880A0711FD5C18A004140EF /* line0.jpg */ = {isa = PBXFileReference; lastKnownFileType = image.jpeg; path = line0.jpg; sourceTree = "<group>"; };
		A880A0731FD5C18E004140EF /* line15.jpg */ = {isa = PBXFileReference; lastKnownFileType = image.jpeg; path = line15.jpg; sourceTree = "<group>"; };
		A880A0751FD5C192004140EF /* line30.jpg */ = {isa = PBXFileReference; lastKnownFileType = image.jpeg; path = line30.jpg; sourceTree = "<group>"; };
		A880A0771FD5C195004140EF /* line45.jpg */ = {isa = PBXFileReference; lastKnownFileType = image.jpeg; path = line45.jpg; sourceTree = "<group>"; };
		A880A0791FD5C198004140EF /* line60.jpg */ = {isa = PBXFileReference; lastKnownFileType = image.jpeg; path = line60.jpg; sourceTree = "<group>"; };
		A880A07B1FD5C19B004140EF /* line75.jpg */ = {isa = PBXFileReference; lastKnownFileType = image.jpeg; path = line75.jpg; sourceTree = "<group>"; };
		A880A07D1FD5C28D004140EF /* line90.jpg */ = {isa = PBXFileReference; lastKnownFileType = image.jpeg; path = line90.jpg; sourceTree = "<group>"; };
		A880A07F1FD5C296004140EF /* lineNeg15.jpg */ = {isa = PBXFileReference; lastKnownFileType = image.jpeg; path = lineNeg15.jpg; sourceTree = "<group>"; };
		A880A0801FD5C296004140EF /* lineNeg30.jpg */ = {isa = PBXFileReference; lastKnownFileType = image.jpeg; path = lineNeg30.jpg; sourceTree = "<group>"; };
		A880A0811FD5C296004140EF /* lineNeg45.jpg */ = {isa = PBXFileReference; lastKnownFileType = image.jpeg; path = lineNeg45.jpg; sourceTree = "<group>"; };
		A880A0821FD5C296004140EF /* lineNeg60.jpg */ = {isa = PBXFileReference; lastKnownFileType = image.jpeg; path = lineNeg60.jpg; sourceTree = "<group>"; };
		A880A0831FD5C296004140EF /* lineNeg75.jpg */ = {isa = PBXFileReference; lastKnownFileType = image.jpeg; path = lineNeg75.jpg; sourceTree = "<group>"; };
		A8820BBF1FC84F7A000DD5B5 /* draw_view.h */ = {isa = PBXFileReference; fileEncoding = 4; lastKnownFileType = sourcecode.c.h; path = draw_view.h; sourceTree = "<group>"; };
		A8820BC01FC84F7A000DD5B5 /* draw_view.m */ = {isa = PBXFileReference; fileEncoding = 4; lastKnownFileType = sourcecode.c.objc; path = draw_view.m; sourceTree = "<group>"; };
		A8820BC21FC84FBE000DD5B5 /* BreathingViewController.h */ = {isa = PBXFileReference; fileEncoding = 4; lastKnownFileType = sourcecode.c.h; path = BreathingViewController.h; sourceTree = "<group>"; };
		A8820BC31FC84FBE000DD5B5 /* BreathingViewController.m */ = {isa = PBXFileReference; fileEncoding = 4; lastKnownFileType = sourcecode.c.objc; path = BreathingViewController.m; sourceTree = "<group>"; };
		A8820BC61FC87861000DD5B5 /* SpriteKit.framework */ = {isa = PBXFileReference; lastKnownFileType = wrapper.framework; name = SpriteKit.framework; path = System/Library/Frameworks/SpriteKit.framework; sourceTree = SDKROOT; };
		A8B463151FD178380034F646 /* Circle.png */ = {isa = PBXFileReference; lastKnownFileType = image.png; path = Circle.png; sourceTree = "<group>"; };
		A8D1C0671FC435A3004379E0 /* Grounding_project el16cg.app */ = {isa = PBXFileReference; explicitFileType = wrapper.application; includeInIndex = 0; path = "Grounding_project el16cg.app"; sourceTree = BUILT_PRODUCTS_DIR; };
		A8D1C06B1FC435A3004379E0 /* main.m */ = {isa = PBXFileReference; lastKnownFileType = sourcecode.c.objc; path = main.m; sourceTree = "<group>"; };
		A8D1C06D1FC435A3004379E0 /* AppDelegate.h */ = {isa = PBXFileReference; lastKnownFileType = sourcecode.c.h; path = AppDelegate.h; sourceTree = "<group>"; };
		A8D1C06E1FC435A3004379E0 /* AppDelegate.m */ = {isa = PBXFileReference; lastKnownFileType = sourcecode.c.objc; path = AppDelegate.m; sourceTree = "<group>"; };
		A8D1C0701FC435A3004379E0 /* HomeViewController.h */ = {isa = PBXFileReference; lastKnownFileType = sourcecode.c.h; path = HomeViewController.h; sourceTree = "<group>"; };
		A8D1C0711FC435A3004379E0 /* HomeViewController.m */ = {isa = PBXFileReference; lastKnownFileType = sourcecode.c.objc; path = HomeViewController.m; sourceTree = "<group>"; };
		A8D1C0731FC435A3004379E0 /* QuestionViewController.h */ = {isa = PBXFileReference; lastKnownFileType = sourcecode.c.h; path = QuestionViewController.h; sourceTree = "<group>"; };
		A8D1C0741FC435A3004379E0 /* QuestionViewController.m */ = {isa = PBXFileReference; lastKnownFileType = sourcecode.c.objc; path = QuestionViewController.m; sourceTree = "<group>"; };
		A8D1C0771FC435A3004379E0 /* Base */ = {isa = PBXFileReference; lastKnownFileType = file.storyboard; name = Base; path = Base.lproj/Main.storyboard; sourceTree = "<group>"; };
		A8D1C0791FC435A3004379E0 /* Assets.xcassets */ = {isa = PBXFileReference; lastKnownFileType = folder.assetcatalog; path = Assets.xcassets; sourceTree = "<group>"; };
		A8D1C07C1FC435A3004379E0 /* Base */ = {isa = PBXFileReference; lastKnownFileType = file.storyboard; name = Base; path = Base.lproj/LaunchScreen.storyboard; sourceTree = "<group>"; };
		A8D1C07E1FC435A3004379E0 /* Info.plist */ = {isa = PBXFileReference; lastKnownFileType = text.plist.xml; path = Info.plist; sourceTree = "<group>"; };
		A8D1C0831FC435A3004379E0 /* Grounding_project el16cgTests.xctest */ = {isa = PBXFileReference; explicitFileType = wrapper.cfbundle; includeInIndex = 0; path = "Grounding_project el16cgTests.xctest"; sourceTree = BUILT_PRODUCTS_DIR; };
		A8D1C0871FC435A3004379E0 /* Grounding_project_el16cgTests.m */ = {isa = PBXFileReference; lastKnownFileType = sourcecode.c.objc; path = Grounding_project_el16cgTests.m; sourceTree = "<group>"; };
		A8D1C0891FC435A3004379E0 /* Info.plist */ = {isa = PBXFileReference; lastKnownFileType = text.plist.xml; path = Info.plist; sourceTree = "<group>"; };
		A8D1C08E1FC435A3004379E0 /* Grounding_project el16cgUITests.xctest */ = {isa = PBXFileReference; explicitFileType = wrapper.cfbundle; includeInIndex = 0; path = "Grounding_project el16cgUITests.xctest"; sourceTree = BUILT_PRODUCTS_DIR; };
		A8D1C0921FC435A3004379E0 /* Grounding_project_el16cgUITests.m */ = {isa = PBXFileReference; lastKnownFileType = sourcecode.c.objc; path = Grounding_project_el16cgUITests.m; sourceTree = "<group>"; };
		A8D1C0941FC435A3004379E0 /* Info.plist */ = {isa = PBXFileReference; lastKnownFileType = text.plist.xml; path = Info.plist; sourceTree = "<group>"; };
		A8D1C0A01FC447B1004379E0 /* Button.jpeg */ = {isa = PBXFileReference; lastKnownFileType = image.jpeg; path = Button.jpeg; sourceTree = "<group>"; };
/* End PBXFileReference section */

/* Begin PBXFrameworksBuildPhase section */
		A8D1C0641FC435A3004379E0 /* Frameworks */ = {
			isa = PBXFrameworksBuildPhase;
			buildActionMask = 2147483647;
			files = (
				A855127A1FD58BBC00C3DC7E /* CoreMotion.framework in Frameworks */,
				A8820BC71FC87861000DD5B5 /* SpriteKit.framework in Frameworks */,
			);
			runOnlyForDeploymentPostprocessing = 0;
		};
		A8D1C0801FC435A3004379E0 /* Frameworks */ = {
			isa = PBXFrameworksBuildPhase;
			buildActionMask = 2147483647;
			files = (
			);
			runOnlyForDeploymentPostprocessing = 0;
		};
		A8D1C08B1FC435A3004379E0 /* Frameworks */ = {
			isa = PBXFrameworksBuildPhase;
			buildActionMask = 2147483647;
			files = (
			);
			runOnlyForDeploymentPostprocessing = 0;
		};
/* End PBXFrameworksBuildPhase section */

/* Begin PBXGroup section */
		A8820BC51FC87861000DD5B5 /* Frameworks */ = {
			isa = PBXGroup;
			children = (
				A85512791FD58BBC00C3DC7E /* CoreMotion.framework */,
				A8820BC61FC87861000DD5B5 /* SpriteKit.framework */,
			);
			name = Frameworks;
			sourceTree = "<group>";
		};
		A8D1C05E1FC435A3004379E0 = {
			isa = PBXGroup;
			children = (
				A8768F511FC4863C00F55F6E /* QuestionTableViewController.h */,
				A8768F521FC4863C00F55F6E /* QuestionTableViewController.m */,
				A8D1C0691FC435A3004379E0 /* Grounding_project el16cg */,
				A8D1C0861FC435A3004379E0 /* Grounding_project el16cgTests */,
				A8D1C0911FC435A3004379E0 /* Grounding_project el16cgUITests */,
				A8D1C0681FC435A3004379E0 /* Products */,
				A8820BC51FC87861000DD5B5 /* Frameworks */,
			);
			sourceTree = "<group>";
		};
		A8D1C0681FC435A3004379E0 /* Products */ = {
			isa = PBXGroup;
			children = (
				A8D1C0671FC435A3004379E0 /* Grounding_project el16cg.app */,
				A8D1C0831FC435A3004379E0 /* Grounding_project el16cgTests.xctest */,
				A8D1C08E1FC435A3004379E0 /* Grounding_project el16cgUITests.xctest */,
			);
			name = Products;
			sourceTree = "<group>";
		};
		A8D1C0691FC435A3004379E0 /* Grounding_project el16cg */ = {
			isa = PBXGroup;
			children = (
				A8D1C06D1FC435A3004379E0 /* AppDelegate.h */,
				A8D1C06E1FC435A3004379E0 /* AppDelegate.m */,
				A8D1C0701FC435A3004379E0 /* HomeViewController.h */,
				A8D1C0711FC435A3004379E0 /* HomeViewController.m */,
				A8D1C0731FC435A3004379E0 /* QuestionViewController.h */,
				A8D1C0741FC435A3004379E0 /* QuestionViewController.m */,
				A8D1C0761FC435A3004379E0 /* Main.storyboard */,
				A8820BBF1FC84F7A000DD5B5 /* draw_view.h */,
				A8820BC01FC84F7A000DD5B5 /* draw_view.m */,
				A8820BC21FC84FBE000DD5B5 /* BreathingViewController.h */,
				A8820BC31FC84FBE000DD5B5 /* BreathingViewController.m */,
				A85B09261FC6F76400D60147 /* LevellingViewController.h */,
				A85B09271FC6F76400D60147 /* LevellingViewController.m */,
				A85512761FD58AF000C3DC7E /* gyroscopeDataModel.h */,
				A85512771FD58AF000C3DC7E /* gyroscopeDataModel.m */,
				A8D1C0791FC435A3004379E0 /* Assets.xcassets */,
				A8D1C0A01FC447B1004379E0 /* Button.jpeg */,
				A80C2BFD1FD6AFB800B8941C /* Next Section button.jpg */,
				A8D1C07B1FC435A3004379E0 /* LaunchScreen.storyboard */,
				A8D1C07E1FC435A3004379E0 /* Info.plist */,
				A85B09241FC6F3F800D60147 /* right-speaker-with-three-sound-waves.png */,
				A8B463151FD178380034F646 /* Circle.png */,
				A855127D1FD59B8700C3DC7E /* bars 0degrees.jpg */,
				A855127F1FD5A66400C3DC7E /* bars 15degrees.jpg */,
				A85512811FD5A66900C3DC7E /* bars 30Degrees.jpg */,
				A85512831FD5A66C00C3DC7E /* bars 45Degrees.jpg */,
				A85512851FD5A67400C3DC7E /* bars 60Degrees.jpg */,
				A85512871FD5A67C00C3DC7E /* bars 75Degrees.jpg */,
				A85512891FD5A68800C3DC7E /* bars -15Degrees.jpg */,
				A855128B1FD5A69100C3DC7E /* bars -30Degrees.jpg */,
				A855128D1FD5A69400C3DC7E /* bars -45Degrees.jpg */,
				A855128F1FD5A69800C3DC7E /* bars -60Degrees.jpg */,
				A85512911FD5A69B00C3DC7E /* bars -75Degrees.jpg */,
				A85512931FD5A95F00C3DC7E /* bars 90 degrees.jpg */,
				A880A0711FD5C18A004140EF /* line0.jpg */,
				A880A0731FD5C18E004140EF /* line15.jpg */,
				A880A0751FD5C192004140EF /* line30.jpg */,
				A880A0771FD5C195004140EF /* line45.jpg */,
				A880A0791FD5C198004140EF /* line60.jpg */,
				A880A07B1FD5C19B004140EF /* line75.jpg */,
				A880A07D1FD5C28D004140EF /* line90.jpg */,
				A880A07F1FD5C296004140EF /* lineNeg15.jpg */,
				A880A0801FD5C296004140EF /* lineNeg30.jpg */,
				A880A0811FD5C296004140EF /* lineNeg45.jpg */,
				A880A0821FD5C296004140EF /* lineNeg60.jpg */,
				A880A0831FD5C296004140EF /* lineNeg75.jpg */,
				A8D1C06A1FC435A3004379E0 /* Supporting Files */,
			);
			path = "Grounding_project el16cg";
			sourceTree = "<group>";
		};
		A8D1C06A1FC435A3004379E0 /* Supporting Files */ = {
			isa = PBXGroup;
			children = (
				A8D1C06B1FC435A3004379E0 /* main.m */,
			);
			name = "Supporting Files";
			sourceTree = "<group>";
		};
		A8D1C0861FC435A3004379E0 /* Grounding_project el16cgTests */ = {
			isa = PBXGroup;
			children = (
				A8D1C0871FC435A3004379E0 /* Grounding_project_el16cgTests.m */,
				A8D1C0891FC435A3004379E0 /* Info.plist */,
			);
			path = "Grounding_project el16cgTests";
			sourceTree = "<group>";
		};
		A8D1C0911FC435A3004379E0 /* Grounding_project el16cgUITests */ = {
			isa = PBXGroup;
			children = (
				A8D1C0921FC435A3004379E0 /* Grounding_project_el16cgUITests.m */,
				A8D1C0941FC435A3004379E0 /* Info.plist */,
			);
			path = "Grounding_project el16cgUITests";
			sourceTree = "<group>";
		};
/* End PBXGroup section */

/* Begin PBXNativeTarget section */
		A8D1C0661FC435A3004379E0 /* Grounding_project el16cg */ = {
			isa = PBXNativeTarget;
			buildConfigurationList = A8D1C0971FC435A3004379E0 /* Build configuration list for PBXNativeTarget "Grounding_project el16cg" */;
			buildPhases = (
				A8D1C0631FC435A3004379E0 /* Sources */,
				A8D1C0641FC435A3004379E0 /* Frameworks */,
				A8D1C0651FC435A3004379E0 /* Resources */,
			);
			buildRules = (
			);
			dependencies = (
			);
			name = "Grounding_project el16cg";
			productName = "Grounding_project el16cg";
			productReference = A8D1C0671FC435A3004379E0 /* Grounding_project el16cg.app */;
			productType = "com.apple.product-type.application";
		};
		A8D1C0821FC435A3004379E0 /* Grounding_project el16cgTests */ = {
			isa = PBXNativeTarget;
			buildConfigurationList = A8D1C09A1FC435A3004379E0 /* Build configuration list for PBXNativeTarget "Grounding_project el16cgTests" */;
			buildPhases = (
				A8D1C07F1FC435A3004379E0 /* Sources */,
				A8D1C0801FC435A3004379E0 /* Frameworks */,
				A8D1C0811FC435A3004379E0 /* Resources */,
			);
			buildRules = (
			);
			dependencies = (
				A8D1C0851FC435A3004379E0 /* PBXTargetDependency */,
			);
			name = "Grounding_project el16cgTests";
			productName = "Grounding_project el16cgTests";
			productReference = A8D1C0831FC435A3004379E0 /* Grounding_project el16cgTests.xctest */;
			productType = "com.apple.product-type.bundle.unit-test";
		};
		A8D1C08D1FC435A3004379E0 /* Grounding_project el16cgUITests */ = {
			isa = PBXNativeTarget;
			buildConfigurationList = A8D1C09D1FC435A3004379E0 /* Build configuration list for PBXNativeTarget "Grounding_project el16cgUITests" */;
			buildPhases = (
				A8D1C08A1FC435A3004379E0 /* Sources */,
				A8D1C08B1FC435A3004379E0 /* Frameworks */,
				A8D1C08C1FC435A3004379E0 /* Resources */,
			);
			buildRules = (
			);
			dependencies = (
				A8D1C0901FC435A3004379E0 /* PBXTargetDependency */,
			);
			name = "Grounding_project el16cgUITests";
			productName = "Grounding_project el16cgUITests";
			productReference = A8D1C08E1FC435A3004379E0 /* Grounding_project el16cgUITests.xctest */;
			productType = "com.apple.product-type.bundle.ui-testing";
		};
/* End PBXNativeTarget section */

/* Begin PBXProject section */
		A8D1C05F1FC435A3004379E0 /* Project object */ = {
			isa = PBXProject;
			attributes = {
				LastUpgradeCheck = 0800;
				ORGANIZATIONNAME = "University of Leeds";
				TargetAttributes = {
					A8D1C0661FC435A3004379E0 = {
						CreatedOnToolsVersion = 8.0;
						ProvisioningStyle = Automatic;
					};
					A8D1C0821FC435A3004379E0 = {
						CreatedOnToolsVersion = 8.0;
						ProvisioningStyle = Automatic;
						TestTargetID = A8D1C0661FC435A3004379E0;
					};
					A8D1C08D1FC435A3004379E0 = {
						CreatedOnToolsVersion = 8.0;
						ProvisioningStyle = Automatic;
						TestTargetID = A8D1C0661FC435A3004379E0;
					};
				};
			};
			buildConfigurationList = A8D1C0621FC435A3004379E0 /* Build configuration list for PBXProject "Grounding_project el16cg" */;
			compatibilityVersion = "Xcode 3.2";
			developmentRegion = English;
			hasScannedForEncodings = 0;
			knownRegions = (
				en,
				Base,
			);
			mainGroup = A8D1C05E1FC435A3004379E0;
			productRefGroup = A8D1C0681FC435A3004379E0 /* Products */;
			projectDirPath = "";
			projectRoot = "";
			targets = (
				A8D1C0661FC435A3004379E0 /* Grounding_project el16cg */,
				A8D1C0821FC435A3004379E0 /* Grounding_project el16cgTests */,
				A8D1C08D1FC435A3004379E0 /* Grounding_project el16cgUITests */,
			);
		};
/* End PBXProject section */

/* Begin PBXResourcesBuildPhase section */
		A8D1C0651FC435A3004379E0 /* Resources */ = {
			isa = PBXResourcesBuildPhase;
			buildActionMask = 2147483647;
			files = (
				A880A07E1FD5C28D004140EF /* line90.jpg in Resources */,
				A85512881FD5A67C00C3DC7E /* bars 75Degrees.jpg in Resources */,
				A855128C1FD5A69100C3DC7E /* bars -30Degrees.jpg in Resources */,
				A855127E1FD59B8700C3DC7E /* bars 0degrees.jpg in Resources */,
				A80C2BFE1FD6AFB800B8941C /* Next Section button.jpg in Resources */,
				A8D1C07D1FC435A3004379E0 /* LaunchScreen.storyboard in Resources */,
				A880A0721FD5C18A004140EF /* line0.jpg in Resources */,
				A880A0881FD5C296004140EF /* lineNeg75.jpg in Resources */,
				A85512861FD5A67400C3DC7E /* bars 60Degrees.jpg in Resources */,
				A8B463161FD178380034F646 /* Circle.png in Resources */,
				A85512921FD5A69B00C3DC7E /* bars -75Degrees.jpg in Resources */,
				A85512841FD5A66C00C3DC7E /* bars 45Degrees.jpg in Resources */,
				A855128A1FD5A68800C3DC7E /* bars -15Degrees.jpg in Resources */,
				A880A0781FD5C195004140EF /* line45.jpg in Resources */,
				A8D1C07A1FC435A3004379E0 /* Assets.xcassets in Resources */,
				A8D1C0781FC435A3004379E0 /* Main.storyboard in Resources */,
				A880A07C1FD5C19B004140EF /* line75.jpg in Resources */,
				A855128E1FD5A69400C3DC7E /* bars -45Degrees.jpg in Resources */,
				A880A0841FD5C296004140EF /* lineNeg15.jpg in Resources */,
				A85512821FD5A66900C3DC7E /* bars 30Degrees.jpg in Resources */,
				A880A0761FD5C192004140EF /* line30.jpg in Resources */,
				A880A0861FD5C296004140EF /* lineNeg45.jpg in Resources */,
				A85512901FD5A69800C3DC7E /* bars -60Degrees.jpg in Resources */,
				A880A0741FD5C18E004140EF /* line15.jpg in Resources */,
				A880A0851FD5C296004140EF /* lineNeg30.jpg in Resources */,
				A880A0871FD5C296004140EF /* lineNeg60.jpg in Resources */,
				A880A07A1FD5C198004140EF /* line60.jpg in Resources */,
				A85512941FD5A95F00C3DC7E /* bars 90 degrees.jpg in Resources */,
				A8D1C0A11FC447B1004379E0 /* Button.jpeg in Resources */,
				A85512801FD5A66400C3DC7E /* bars 15degrees.jpg in Resources */,
				A85B09251FC6F3F800D60147 /* right-speaker-with-three-sound-waves.png in Resources */,
			);
			runOnlyForDeploymentPostprocessing = 0;
		};
		A8D1C0811FC435A3004379E0 /* Resources */ = {
			isa = PBXResourcesBuildPhase;
			buildActionMask = 2147483647;
			files = (
			);
			runOnlyForDeploymentPostprocessing = 0;
		};
		A8D1C08C1FC435A3004379E0 /* Resources */ = {
			isa = PBXResourcesBuildPhase;
			buildActionMask = 2147483647;
			files = (
			);
			runOnlyForDeploymentPostprocessing = 0;
		};
/* End PBXResourcesBuildPhase section */

/* Begin PBXSourcesBuildPhase section */
		A8D1C0631FC435A3004379E0 /* Sources */ = {
			isa = PBXSourcesBuildPhase;
			buildActionMask = 2147483647;
			files = (
				A8D1C0751FC435A3004379E0 /* QuestionViewController.m in Sources */,
				A85B09281FC6F76400D60147 /* LevellingViewController.m in Sources */,
				A8D1C06F1FC435A3004379E0 /* AppDelegate.m in Sources */,
				A8D1C0721FC435A3004379E0 /* HomeViewController.m in Sources */,
				A8768F531FC4863C00F55F6E /* QuestionTableViewController.m in Sources */,
				A8820BC11FC84F7A000DD5B5 /* draw_view.m in Sources */,
				A8D1C06C1FC435A3004379E0 /* main.m in Sources */,
				A8820BC41FC84FBE000DD5B5 /* BreathingViewController.m in Sources */,
				A85512781FD58AF000C3DC7E /* gyroscopeDataModel.m in Sources */,
			);
			runOnlyForDeploymentPostprocessing = 0;
		};
		A8D1C07F1FC435A3004379E0 /* Sources */ = {
			isa = PBXSourcesBuildPhase;
			buildActionMask = 2147483647;
			files = (
				A8D1C0881FC435A3004379E0 /* Grounding_project_el16cgTests.m in Sources */,
			);
			runOnlyForDeploymentPostprocessing = 0;
		};
		A8D1C08A1FC435A3004379E0 /* Sources */ = {
			isa = PBXSourcesBuildPhase;
			buildActionMask = 2147483647;
			files = (
				A8D1C0931FC435A3004379E0 /* Grounding_project_el16cgUITests.m in Sources */,
			);
			runOnlyForDeploymentPostprocessing = 0;
		};
/* End PBXSourcesBuildPhase section */

/* Begin PBXTargetDependency section */
		A8D1C0851FC435A3004379E0 /* PBXTargetDependency */ = {
			isa = PBXTargetDependency;
			target = A8D1C0661FC435A3004379E0 /* Grounding_project el16cg */;
			targetProxy = A8D1C0841FC435A3004379E0 /* PBXContainerItemProxy */;
		};
		A8D1C0901FC435A3004379E0 /* PBXTargetDependency */ = {
			isa = PBXTargetDependency;
			target = A8D1C0661FC435A3004379E0 /* Grounding_project el16cg */;
			targetProxy = A8D1C08F1FC435A3004379E0 /* PBXContainerItemProxy */;
		};
/* End PBXTargetDependency section */

/* Begin PBXVariantGroup section */
		A8D1C0761FC435A3004379E0 /* Main.storyboard */ = {
			isa = PBXVariantGroup;
			children = (
				A8D1C0771FC435A3004379E0 /* Base */,
			);
			name = Main.storyboard;
			sourceTree = "<group>";
		};
		A8D1C07B1FC435A3004379E0 /* LaunchScreen.storyboard */ = {
			isa = PBXVariantGroup;
			children = (
				A8D1C07C1FC435A3004379E0 /* Base */,
			);
			name = LaunchScreen.storyboard;
			sourceTree = "<group>";
		};
/* End PBXVariantGroup section */

/* Begin XCBuildConfiguration section */
		A8D1C0951FC435A3004379E0 /* Debug */ = {
			isa = XCBuildConfiguration;
			buildSettings = {
				ALWAYS_SEARCH_USER_PATHS = NO;
				CLANG_ANALYZER_NONNULL = YES;
				CLANG_CXX_LANGUAGE_STANDARD = "gnu++0x";
				CLANG_CXX_LIBRARY = "libc++";
				CLANG_ENABLE_MODULES = YES;
				CLANG_ENABLE_OBJC_ARC = YES;
				CLANG_WARN_BOOL_CONVERSION = YES;
				CLANG_WARN_CONSTANT_CONVERSION = YES;
				CLANG_WARN_DIRECT_OBJC_ISA_USAGE = YES_ERROR;
				CLANG_WARN_DOCUMENTATION_COMMENTS = YES;
				CLANG_WARN_EMPTY_BODY = YES;
				CLANG_WARN_ENUM_CONVERSION = YES;
				CLANG_WARN_INFINITE_RECURSION = YES;
				CLANG_WARN_INT_CONVERSION = YES;
				CLANG_WARN_OBJC_ROOT_CLASS = YES_ERROR;
				CLANG_WARN_SUSPICIOUS_MOVES = YES;
				CLANG_WARN_UNREACHABLE_CODE = YES;
				CLANG_WARN__DUPLICATE_METHOD_MATCH = YES;
				"CODE_SIGN_IDENTITY[sdk=iphoneos*]" = "iPhone Developer";
				COPY_PHASE_STRIP = NO;
				DEBUG_INFORMATION_FORMAT = dwarf;
				ENABLE_STRICT_OBJC_MSGSEND = YES;
				ENABLE_TESTABILITY = YES;
				GCC_C_LANGUAGE_STANDARD = gnu99;
				GCC_DYNAMIC_NO_PIC = NO;
				GCC_NO_COMMON_BLOCKS = YES;
				GCC_OPTIMIZATION_LEVEL = 0;
				GCC_PREPROCESSOR_DEFINITIONS = (
					"DEBUG=1",
					"$(inherited)",
				);
				GCC_WARN_64_TO_32_BIT_CONVERSION = YES;
				GCC_WARN_ABOUT_RETURN_TYPE = YES_ERROR;
				GCC_WARN_UNDECLARED_SELECTOR = YES;
				GCC_WARN_UNINITIALIZED_AUTOS = YES_AGGRESSIVE;
				GCC_WARN_UNUSED_FUNCTION = YES;
				GCC_WARN_UNUSED_VARIABLE = YES;
				IPHONEOS_DEPLOYMENT_TARGET = 10.0;
				MTL_ENABLE_DEBUG_INFO = YES;
				ONLY_ACTIVE_ARCH = YES;
				SDKROOT = iphoneos;
				TARGETED_DEVICE_FAMILY = "1,2";
			};
			name = Debug;
		};
		A8D1C0961FC435A3004379E0 /* Release */ = {
			isa = XCBuildConfiguration;
			buildSettings = {
				ALWAYS_SEARCH_USER_PATHS = NO;
				CLANG_ANALYZER_NONNULL = YES;
				CLANG_CXX_LANGUAGE_STANDARD = "gnu++0x";
				CLANG_CXX_LIBRARY = "libc++";
				CLANG_ENABLE_MODULES = YES;
				CLANG_ENABLE_OBJC_ARC = YES;
				CLANG_WARN_BOOL_CONVERSION = YES;
				CLANG_WARN_CONSTANT_CONVERSION = YES;
				CLANG_WARN_DIRECT_OBJC_ISA_USAGE = YES_ERROR;
				CLANG_WARN_DOCUMENTATION_COMMENTS = YES;
				CLANG_WARN_EMPTY_BODY = YES;
				CLANG_WARN_ENUM_CONVERSION = YES;
				CLANG_WARN_INFINITE_RECURSION = YES;
				CLANG_WARN_INT_CONVERSION = YES;
				CLANG_WARN_OBJC_ROOT_CLASS = YES_ERROR;
				CLANG_WARN_SUSPICIOUS_MOVES = YES;
				CLANG_WARN_UNREACHABLE_CODE = YES;
				CLANG_WARN__DUPLICATE_METHOD_MATCH = YES;
				"CODE_SIGN_IDENTITY[sdk=iphoneos*]" = "iPhone Developer";
				COPY_PHASE_STRIP = NO;
				DEBUG_INFORMATION_FORMAT = "dwarf-with-dsym";
				ENABLE_NS_ASSERTIONS = NO;
				ENABLE_STRICT_OBJC_MSGSEND = YES;
				GCC_C_LANGUAGE_STANDARD = gnu99;
				GCC_NO_COMMON_BLOCKS = YES;
				GCC_WARN_64_TO_32_BIT_CONVERSION = YES;
				GCC_WARN_ABOUT_RETURN_TYPE = YES_ERROR;
				GCC_WARN_UNDECLARED_SELECTOR = YES;
				GCC_WARN_UNINITIALIZED_AUTOS = YES_AGGRESSIVE;
				GCC_WARN_UNUSED_FUNCTION = YES;
				GCC_WARN_UNUSED_VARIABLE = YES;
				IPHONEOS_DEPLOYMENT_TARGET = 10.0;
				MTL_ENABLE_DEBUG_INFO = NO;
				SDKROOT = iphoneos;
				TARGETED_DEVICE_FAMILY = "1,2";
				VALIDATE_PRODUCT = YES;
			};
			name = Release;
		};
		A8D1C0981FC435A3004379E0 /* Debug */ = {
			isa = XCBuildConfiguration;
			buildSettings = {
				ASSETCATALOG_COMPILER_APPICON_NAME = AppIcon;
				INFOPLIST_FILE = "Grounding_project el16cg/Info.plist";
				LD_RUNPATH_SEARCH_PATHS = "$(inherited) @executable_path/Frameworks";
				PRODUCT_BUNDLE_IDENTIFIER = "uk.ac.leeds.Grounding-project-el16cg";
				PRODUCT_NAME = "$(TARGET_NAME)";
			};
			name = Debug;
		};
		A8D1C0991FC435A3004379E0 /* Release */ = {
			isa = XCBuildConfiguration;
			buildSettings = {
				ASSETCATALOG_COMPILER_APPICON_NAME = AppIcon;
				INFOPLIST_FILE = "Grounding_project el16cg/Info.plist";
				LD_RUNPATH_SEARCH_PATHS = "$(inherited) @executable_path/Frameworks";
				PRODUCT_BUNDLE_IDENTIFIER = "uk.ac.leeds.Grounding-project-el16cg";
				PRODUCT_NAME = "$(TARGET_NAME)";
			};
			name = Release;
		};
		A8D1C09B1FC435A3004379E0 /* Debug */ = {
			isa = XCBuildConfiguration;
			buildSettings = {
				BUNDLE_LOADER = "$(TEST_HOST)";
				INFOPLIST_FILE = "Grounding_project el16cgTests/Info.plist";
				LD_RUNPATH_SEARCH_PATHS = "$(inherited) @executable_path/Frameworks @loader_path/Frameworks";
				PRODUCT_BUNDLE_IDENTIFIER = "uk.ac.leeds.Grounding-project-el16cgTests";
				PRODUCT_NAME = "$(TARGET_NAME)";
				TEST_HOST = "$(BUILT_PRODUCTS_DIR)/Grounding_project el16cg.app/Grounding_project el16cg";
			};
			name = Debug;
		};
		A8D1C09C1FC435A3004379E0 /* Release */ = {
			isa = XCBuildConfiguration;
			buildSettings = {
				BUNDLE_LOADER = "$(TEST_HOST)";
				INFOPLIST_FILE = "Grounding_project el16cgTests/Info.plist";
				LD_RUNPATH_SEARCH_PATHS = "$(inherited) @executable_path/Frameworks @loader_path/Frameworks";
				PRODUCT_BUNDLE_IDENTIFIER = "uk.ac.leeds.Grounding-project-el16cgTests";
				PRODUCT_NAME = "$(TARGET_NAME)";
				TEST_HOST = "$(BUILT_PRODUCTS_DIR)/Grounding_project el16cg.app/Grounding_project el16cg";
			};
			name = Release;
		};
		A8D1C09E1FC435A3004379E0 /* Debug */ = {
			isa = XCBuildConfiguration;
			buildSettings = {
				INFOPLIST_FILE = "Grounding_project el16cgUITests/Info.plist";
				LD_RUNPATH_SEARCH_PATHS = "$(inherited) @executable_path/Frameworks @loader_path/Frameworks";
				PRODUCT_BUNDLE_IDENTIFIER = "uk.ac.leeds.Grounding-project-el16cgUITests";
				PRODUCT_NAME = "$(TARGET_NAME)";
				TEST_TARGET_NAME = "Grounding_project el16cg";
			};
			name = Debug;
		};
		A8D1C09F1FC435A3004379E0 /* Release */ = {
			isa = XCBuildConfiguration;
			buildSettings = {
				INFOPLIST_FILE = "Grounding_project el16cgUITests/Info.plist";
				LD_RUNPATH_SEARCH_PATHS = "$(inherited) @executable_path/Frameworks @loader_path/Frameworks";
				PRODUCT_BUNDLE_IDENTIFIER = "uk.ac.leeds.Grounding-project-el16cgUITests";
				PRODUCT_NAME = "$(TARGET_NAME)";
				TEST_TARGET_NAME = "Grounding_project el16cg";
			};
			name = Release;
		};
/* End XCBuildConfiguration section */

/* Begin XCConfigurationList section */
		A8D1C0621FC435A3004379E0 /* Build configuration list for PBXProject "Grounding_project el16cg" */ = {
			isa = XCConfigurationList;
			buildConfigurations = (
				A8D1C0951FC435A3004379E0 /* Debug */,
				A8D1C0961FC435A3004379E0 /* Release */,
			);
			defaultConfigurationIsVisible = 0;
			defaultConfigurationName = Release;
		};
		A8D1C0971FC435A3004379E0 /* Build configuration list for PBXNativeTarget "Grounding_project el16cg" */ = {
			isa = XCConfigurationList;
			buildConfigurations = (
				A8D1C0981FC435A3004379E0 /* Debug */,
				A8D1C0991FC435A3004379E0 /* Release */,
			);
			defaultConfigurationIsVisible = 0;
			defaultConfigurationName = Release;
		};
		A8D1C09A1FC435A3004379E0 /* Build configuration list for PBXNativeTarget "Grounding_project el16cgTests" */ = {
			isa = XCConfigurationList;
			buildConfigurations = (
				A8D1C09B1FC435A3004379E0 /* Debug */,
				A8D1C09C1FC435A3004379E0 /* Release */,
			);
			defaultConfigurationIsVisible = 0;
			defaultConfigurationName = Release;
		};
		A8D1C09D1FC435A3004379E0 /* Build configuration list for PBXNativeTarget "Grounding_project el16cgUITests" */ = {
			isa = XCConfigurationList;
			buildConfigurations = (
				A8D1C09E1FC435A3004379E0 /* Debug */,
				A8D1C09F1FC435A3004379E0 /* Release */,
			);
			defaultConfigurationIsVisible = 0;
			defaultConfigurationName = Release;
		};
/* End XCConfigurationList section */
	};
	rootObject = A8D1C05F1FC435A3004379E0 /* Project object */;
}
